# Vendored Xore/theme pin. Written by scripts/sync-theme.sh, enforced by
# scripts/check-vendored-theme.sh. frontend-next/public/static/theme.css
# must stay byte-identical to theme.css at this commit.
repository=https://github.com/Xore/theme
commit=f97cf1bfb0a39070419e7eaceeb7bfa1276cb7af
date=2026-08-24T19:14:37+02:00
sha256=ea25edc600816b66e60f52aa529d877a6bda77bd486fab4fd43c2520ade014f6
