# Vendored Xore/theme pin. Written by scripts/sync-theme.sh, enforced by
# scripts/check-vendored-theme.sh. dashboard/static/theme.css must stay
# byte-identical to theme.css at this commit.
repository=https://github.com/Xore/theme
commit=231cf49a427da14863385ba59764cb30bed844e0
date=2026-08-04T00:26:21+00:00
sha256=85db8b8086ffe6c222a41aa0fa2f44c784d5355d8a851b723d10a64c4ceafc04
