# Vendored Xore/theme pin. Written by scripts/sync-theme.sh, enforced by
# scripts/check-vendored-theme.sh. dashboard/static/theme.css must stay
# byte-identical to theme.css at this commit.
repository=https://github.com/Xore/theme
commit=8c47d6094c8df4b92da6e90b0d5e62c71caef9ea
date=2026-08-17T19:10:21+00:00
sha256=730945cd491eca70a040b36260f89f3f364755bfeeb7b11a43758721ba6496b4
