# Vendored Xore/theme pin. Written by scripts/sync-theme.sh, enforced by
# scripts/check-vendored-theme.sh. dashboard/static/theme.css must stay
# byte-identical to theme.css at this commit.
repository=https://github.com/Xore/theme
commit=c8cef2586dad9680e351cd0437e6ba2b8c1e6a74
date=2026-08-17T05:03:00+02:00
sha256=7cf7b169a60cca98d17271e2542ea8ddb09bba8b0e4321edb9fe6e243964c415
